<?xml version="1.0" encoding="utf-8"?>
<Project ToolsVersion="4.0" xmlns="http://schemas.microsoft.com/developer/msbuild/2003">
  <ItemGroup>
    <Filter Include="Form Files">
      <UniqueIdentifier>{99349809-55BA-4b9d-BF79-8FDBB0286EB3}</UniqueIdentifier>
      <Extensions>ui</Extensions>
      <ParseFiles>false</ParseFiles>
    </Filter>
    <Filter Include="Form Files">
      <UniqueIdentifier>{99349809-55BA-4b9d-BF79-8FDBB0286EB3}</UniqueIdentifier>
      <Extensions>ui</Extensions>
      <ParseFiles>false</ParseFiles>
    </Filter>
    <Filter Include="Generated Files">
      <UniqueIdentifier>{71ED8ED8-ACB9-4CE9-BBE1-E00B30144E11}</UniqueIdentifier>
      <Extensions>cpp;c;cxx;moc;h;def;odl;idl;res;</Extensions>
    </Filter>
    <Filter Include="Generated Files">
      <UniqueIdentifier>{71ED8ED8-ACB9-4CE9-BBE1-E00B30144E11}</UniqueIdentifier>
      <Extensions>cpp;c;cxx;moc;h;def;odl;idl;res;</Extensions>
    </Filter>
    <Filter Include="Header Files">
      <UniqueIdentifier>{93995380-89BD-4b04-88EB-625FBE52EBFB}</UniqueIdentifier>
      <Extensions>h;hpp;hxx;hm;inl;inc;xsd</Extensions>
    </Filter>
    <Filter Include="Header Files">
      <UniqueIdentifier>{93995380-89BD-4b04-88EB-625FBE52EBFB}</UniqueIdentifier>
      <Extensions>h;hpp;hxx;hm;inl;inc;xsd</Extensions>
    </Filter>
    <Filter Include="Source Files">
      <UniqueIdentifier>{4FC737F1-C7A5-4376-A066-2A32D752A2FF}</UniqueIdentifier>
      <Extensions>cpp;c;cxx;def;odl;idl;hpj;bat;asm;asmx</Extensions>
    </Filter>
    <Filter Include="Source Files">
      <UniqueIdentifier>{4FC737F1-C7A5-4376-A066-2A32D752A2FF}</UniqueIdentifier>
      <Extensions>cpp;c;cxx;def;odl;idl;hpj;bat;asm;asmx</Extensions>
    </Filter>
    <Filter Include="Generated Files\Debug">
      <UniqueIdentifier>{7a52863a-ca09-4b92-b024-20550383e046}</UniqueIdentifier>
      <Extensions>cpp;moc</Extensions>
      <SourceControlFiles>False</SourceControlFiles>
    </Filter>
    <Filter Include="Generated Files\Release">
      <UniqueIdentifier>{527d3a0b-553c-4313-89db-927c4c477e63}</UniqueIdentifier>
      <Extensions>cpp;moc</Extensions>
      <SourceControlFiles>False</SourceControlFiles>
    </Filter>
    <Filter Include="Resource Files">
      <UniqueIdentifier>{D9D6E242-F8AF-46E4-B9FD-80ECBC20BA3E}</UniqueIdentifier>
      <Extensions>qrc;*</Extensions>
      <ParseFiles>false</ParseFiles>
    </Filter>
    <Filter Include="DrawPart">
      <UniqueIdentifier>{e7c7071f-af82-447b-9d95-6550317d40cc}</UniqueIdentifier>
    </Filter>
    <Filter Include="OsgPart">
      <UniqueIdentifier>{4b2bdef4-51d3-4e9e-8fed-179ff6c51565}</UniqueIdentifier>
    </Filter>
    <Filter Include="NewToolbox">
      <UniqueIdentifier>{59820c3f-334a-4aae-9358-f603ee0ab973}</UniqueIdentifier>
    </Filter>
    <Filter Include="GcodeGenerate">
      <UniqueIdentifier>{774e0caa-d009-412c-b741-8d04a69d8583}</UniqueIdentifier>
    </Filter>
    <Filter Include="NewComponent">
      <UniqueIdentifier>{10c7e852-88e1-44cd-996c-4d12411a12cf}</UniqueIdentifier>
    </Filter>
    <Filter Include="Translation Files">
      <UniqueIdentifier>{639EADAA-A684-42e4-A9AD-28FC9BCB8F7C}</UniqueIdentifier>
      <Extensions>ts</Extensions>
      <ParseFiles>false</ParseFiles>
    </Filter>
  </ItemGroup>
  <ItemGroup>
    <ClCompile Include="Gcode.cpp">
      <Filter>Source Files</Filter>
    </ClCompile>
    <ClCompile Include="ProcessImage.cpp">
      <Filter>Source Files</Filter>
    </ClCompile>
    <ClCompile Include="check.cpp">
      <Filter>Source Files</Filter>
    </ClCompile>
    <ClCompile Include="main.cpp">
      <Filter>Source Files</Filter>
    </ClCompile>
    <ClCompile Include="mainwindow.cpp">
      <Filter>Source Files</Filter>
    </ClCompile>
    <ClCompile Include="GeneratedFiles\Debug\moc_mainwindow.cpp">
      <Filter>Generated Files\Debug</Filter>
    </ClCompile>
    <ClCompile Include="GeneratedFiles\Release\moc_mainwindow.cpp">
      <Filter>Generated Files\Release</Filter>
    </ClCompile>
    <ClCompile Include="Plan.cpp">
      <Filter>Source Files</Filter>
    </ClCompile>
    <ClCompile Include="CustomTabStyle.cpp">
      <Filter>Source Files</Filter>
    </ClCompile>
    <ClCompile Include="GeneratedFiles\Debug\moc_SceneModifier.cpp">
      <Filter>Generated Files\Debug</Filter>
    </ClCompile>
    <ClCompile Include="GeneratedFiles\Release\moc_SceneModifier.cpp">
      <Filter>Generated Files\Release</Filter>
    </ClCompile>
    <ClCompile Include="SceneModifier.cpp">
      <Filter>Source Files</Filter>
    </ClCompile>
    <ClCompile Include="GeneratedFiles\Debug\moc_diagramTextItem.cpp">
      <Filter>Generated Files\Debug</Filter>
    </ClCompile>
    <ClCompile Include="GeneratedFiles\Release\moc_diagramTextItem.cpp">
      <Filter>Generated Files\Release</Filter>
    </ClCompile>
    <ClCompile Include="GeneratedFiles\Debug\moc_diagramScene.cpp">
      <Filter>Generated Files\Debug</Filter>
    </ClCompile>
    <ClCompile Include="GeneratedFiles\Release\moc_diagramScene.cpp">
      <Filter>Generated Files\Release</Filter>
    </ClCompile>
    <ClCompile Include="diagramScene.cpp">
      <Filter>Source Files</Filter>
    </ClCompile>
    <ClCompile Include="Arrow.cpp">
      <Filter>Source Files</Filter>
    </ClCompile>
    <ClCompile Include="diagramTextItem.cpp">
      <Filter>Source Files</Filter>
    </ClCompile>
    <ClCompile Include="dragramitem.cpp">
      <Filter>Source Files</Filter>
    </ClCompile>
    <ClCompile Include="GeneratedFiles\Debug\moc_ToolBar.cpp">
      <Filter>Generated Files\Debug</Filter>
    </ClCompile>
    <ClCompile Include="GeneratedFiles\Release\moc_ToolBar.cpp">
      <Filter>Generated Files\Release</Filter>
    </ClCompile>
    <ClCompile Include="ToolBar.cpp">
      <Filter>Source Files</Filter>
    </ClCompile>
    <ClCompile Include="GeneratedFiles\Debug\moc_GraphWidget.cpp">
      <Filter>Generated Files\Debug</Filter>
    </ClCompile>
    <ClCompile Include="GeneratedFiles\Release\moc_GraphWidget.cpp">
      <Filter>Generated Files\Release</Filter>
    </ClCompile>
    <ClCompile Include="GraphWidget.cpp">
      <Filter>Source Files</Filter>
    </ClCompile>
    <ClCompile Include="GeneratedFiles\qrc_Resource.cpp">
      <Filter>Generated Files</Filter>
    </ClCompile>
    <ClCompile Include="sizehandle.cpp">
      <Filter>DrawPart</Filter>
    </ClCompile>
    <ClCompile Include="drawobj.cpp">
      <Filter>DrawPart</Filter>
    </ClCompile>
    <ClCompile Include="drawtool.cpp">
      <Filter>DrawPart</Filter>
    </ClCompile>
    <ClCompile Include="drawscene.cpp">
      <Filter>DrawPart</Filter>
    </ClCompile>
    <ClCompile Include="GeneratedFiles\Debug\moc_Osg3dView.cpp">
      <Filter>Generated Files\Debug</Filter>
    </ClCompile>
    <ClCompile Include="GeneratedFiles\Release\moc_Osg3dView.cpp">
      <Filter>Generated Files\Release</Filter>
    </ClCompile>
    <ClCompile Include="Osg3dView.cpp">
      <Filter>OsgPart</Filter>
    </ClCompile>
    <ClCompile Include="OsgItemModel.cpp">
      <Filter>OsgPart</Filter>
    </ClCompile>
    <ClCompile Include="GeneratedFiles\Debug\moc_ShrinkAnimation.cpp">
      <Filter>Generated Files\Debug</Filter>
    </ClCompile>
    <ClCompile Include="GeneratedFiles\Release\moc_ShrinkAnimation.cpp">
      <Filter>Generated Files\Release</Filter>
    </ClCompile>
    <ClCompile Include="ShrinkAnimation.cpp">
      <Filter>Source Files</Filter>
    </ClCompile>
    <ClCompile Include="FixHeight.cpp">
      <Filter>Generated Files</Filter>
    </ClCompile>
    <ClCompile Include="GeneratedFiles\Debug\moc_StatusWidget.cpp">
      <Filter>Generated Files\Debug</Filter>
    </ClCompile>
    <ClCompile Include="GeneratedFiles\Release\moc_StatusWidget.cpp">
      <Filter>Generated Files\Release</Filter>
    </ClCompile>
    <ClCompile Include="StatusWidget.cpp">
      <Filter>Source Files</Filter>
    </ClCompile>
    <ClCompile Include="GeneratedFiles\Debug\moc_LaserWidget.cpp">
      <Filter>Generated Files\Debug</Filter>
    </ClCompile>
    <ClCompile Include="GeneratedFiles\Release\moc_LaserWidget.cpp">
      <Filter>Generated Files\Release</Filter>
    </ClCompile>
    <ClCompile Include="LaserWidget.cpp">
      <Filter>Source Files</Filter>
    </ClCompile>
    <ClCompile Include="GeneratedFiles\Debug\moc_ShrinkAnimationA.cpp">
      <Filter>Generated Files\Debug</Filter>
    </ClCompile>
    <ClCompile Include="GeneratedFiles\Release\moc_ShrinkAnimationA.cpp">
      <Filter>Generated Files\Release</Filter>
    </ClCompile>
    <ClCompile Include="ShrinkAnimationA.cpp">
      <Filter>Source Files</Filter>
    </ClCompile>
    <ClCompile Include="GeneratedFiles\Debug\moc_SelectWidget.cpp">
      <Filter>Generated Files\Debug</Filter>
    </ClCompile>
    <ClCompile Include="GeneratedFiles\Release\moc_SelectWidget.cpp">
      <Filter>Generated Files\Release</Filter>
    </ClCompile>
    <ClCompile Include="SelectWidget.cpp">
      <Filter>Source Files</Filter>
    </ClCompile>
    <ClCompile Include="GeneratedFiles\Debug\moc_SSToolBoxItem.cpp">
      <Filter>Generated Files\Debug</Filter>
    </ClCompile>
    <ClCompile Include="GeneratedFiles\Release\moc_SSToolBoxItem.cpp">
      <Filter>Generated Files\Release</Filter>
    </ClCompile>
    <ClCompile Include="SSToolBoxItem.cpp">
      <Filter>NewToolbox</Filter>
    </ClCompile>
    <ClCompile Include="GeneratedFiles\Debug\moc_SSToolBox.cpp">
      <Filter>Generated Files\Debug</Filter>
    </ClCompile>
    <ClCompile Include="GeneratedFiles\Release\moc_SSToolBox.cpp">
      <Filter>Generated Files\Release</Filter>
    </ClCompile>
    <ClCompile Include="SSToolBox.cpp">
      <Filter>NewToolbox</Filter>
    </ClCompile>
    <ClCompile Include="GeneratedFiles\Debug\moc_SSTestToolBox.cpp">
      <Filter>Generated Files\Debug</Filter>
    </ClCompile>
    <ClCompile Include="GeneratedFiles\Release\moc_SSTestToolBox.cpp">
      <Filter>Generated Files\Release</Filter>
    </ClCompile>
    <ClCompile Include="SSTestToolBox.cpp">
      <Filter>NewToolbox</Filter>
    </ClCompile>
    <ClCompile Include="GeneratedFiles\Debug\moc_Transformation.cpp">
      <Filter>Generated Files\Debug</Filter>
    </ClCompile>
    <ClCompile Include="GeneratedFiles\Release\moc_Transformation.cpp">
      <Filter>Generated Files\Release</Filter>
    </ClCompile>
    <ClCompile Include="Transformation.cpp">
      <Filter>Source Files</Filter>
    </ClCompile>
    <ClCompile Include="GeneratedFiles\Debug\moc_TextWidget.cpp">
      <Filter>Generated Files\Debug</Filter>
    </ClCompile>
    <ClCompile Include="GeneratedFiles\Release\moc_TextWidget.cpp">
      <Filter>Generated Files\Release</Filter>
    </ClCompile>
    <ClCompile Include="TextWidget.cpp">
      <Filter>Source Files</Filter>
    </ClCompile>
    <ClCompile Include="GeneratedFiles\Debug\moc_ExportWidget.cpp">
      <Filter>Generated Files\Debug</Filter>
    </ClCompile>
    <ClCompile Include="GeneratedFiles\Release\moc_ExportWidget.cpp">
      <Filter>Generated Files\Release</Filter>
    </ClCompile>
    <ClCompile Include="ExportWidget.cpp">
      <Filter>Source Files</Filter>
    </ClCompile>
    <ClCompile Include="LaserGcodeGenerate.cpp">
      <Filter>GcodeGenerate</Filter>
    </ClCompile>
    <ClCompile Include="QtOpencvConvert.cpp">
      <Filter>Source Files</Filter>
    </ClCompile>
    <ClCompile Include="GeneratedFiles\Debug\moc_GrayDiffuse.cpp">
      <Filter>Generated Files\Debug</Filter>
    </ClCompile>
    <ClCompile Include="GeneratedFiles\Release\moc_GrayDiffuse.cpp">
      <Filter>Generated Files\Release</Filter>
    </ClCompile>
    <ClCompile Include="GrayDiffuse.cpp">
      <Filter>Source Files</Filter>
    </ClCompile>
    <ClCompile Include="GeneratedFiles\Debug\moc_OutLineImage.cpp">
      <Filter>Generated Files\Debug</Filter>
    </ClCompile>
    <ClCompile Include="GeneratedFiles\Release\moc_OutLineImage.cpp">
      <Filter>Generated Files\Release</Filter>
    </ClCompile>
    <ClCompile Include="OutLineImage.cpp">
      <Filter>Source Files</Filter>
    </ClCompile>
    <ClCompile Include="Setting.cpp">
      <Filter>Generated Files</Filter>
    </ClCompile>
    <ClCompile Include="SGcodeGenerate.cpp">
      <Filter>GcodeGenerate</Filter>
    </ClCompile>
    <ClCompile Include="GeneratedFiles\Debug\moc_SelectToolBox.cpp">
      <Filter>Generated Files\Debug</Filter>
    </ClCompile>
    <ClCompile Include="GeneratedFiles\Release\moc_SelectToolBox.cpp">
      <Filter>Generated Files\Release</Filter>
    </ClCompile>
    <ClCompile Include="SelectToolBox.cpp">
      <Filter>NewToolbox</Filter>
    </ClCompile>
    <ClCompile Include="GeneratedFiles\Debug\moc_LSlider.cpp">
      <Filter>Generated Files\Debug</Filter>
    </ClCompile>
    <ClCompile Include="GeneratedFiles\Release\moc_LSlider.cpp">
      <Filter>Generated Files\Release</Filter>
    </ClCompile>
    <ClCompile Include="LSlider.cpp">
      <Filter>NewComponent</Filter>
    </ClCompile>
    <ClCompile Include="GeneratedFiles\Debug\moc_drawscene.cpp">
      <Filter>Generated Files\Debug</Filter>
    </ClCompile>
    <ClCompile Include="GeneratedFiles\Release\moc_drawscene.cpp">
      <Filter>Generated Files\Release</Filter>
    </ClCompile>
    <ClCompile Include="GeneratedFiles\Debug\moc_drawobj.cpp">
      <Filter>Generated Files\Debug</Filter>
    </ClCompile>
    <ClCompile Include="GeneratedFiles\Release\moc_drawobj.cpp">
      <Filter>Generated Files\Release</Filter>
    </ClCompile>
    <ClCompile Include="GeneratedFiles\Debug\moc_WorkingWid.cpp">
      <Filter>Generated Files\Debug</Filter>
    </ClCompile>
    <ClCompile Include="GeneratedFiles\Release\moc_WorkingWid.cpp">
      <Filter>Generated Files\Release</Filter>
    </ClCompile>
    <ClCompile Include="WorkingWid.cpp">
      <Filter>Source Files</Filter>
    </ClCompile>
    <ClCompile Include="GeneratedFiles\Debug\moc_ThresholdW.cpp">
      <Filter>Generated Files\Debug</Filter>
    </ClCompile>
    <ClCompile Include="GeneratedFiles\Release\moc_ThresholdW.cpp">
      <Filter>Generated Files\Release</Filter>
    </ClCompile>
    <ClCompile Include="ThresholdW.cpp">
      <Filter>Source Files</Filter>
    </ClCompile>
    <ClCompile Include="GeneratedFiles\Debug\moc_QProgressIndicator.cpp">
      <Filter>Generated Files\Debug</Filter>
    </ClCompile>
    <ClCompile Include="GeneratedFiles\Release\moc_QProgressIndicator.cpp">
      <Filter>Generated Files\Release</Filter>
    </ClCompile>
    <ClCompile Include="QProgressIndicator.cpp">
      <Filter>Source Files</Filter>
    </ClCompile>
    <ClCompile Include="GeneratedFiles\Debug\moc_TitleBar.cpp">
      <Filter>Generated Files\Debug</Filter>
    </ClCompile>
    <ClCompile Include="GeneratedFiles\Release\moc_TitleBar.cpp">
      <Filter>Generated Files\Release</Filter>
    </ClCompile>
    <ClCompile Include="TitleBar.cpp">
      <Filter>Source Files</Filter>
    </ClCompile>
    <ClCompile Include="GeneratedFiles\Debug\moc_ModelSelect.cpp">
      <Filter>Generated Files\Debug</Filter>
    </ClCompile>
    <ClCompile Include="GeneratedFiles\Release\moc_ModelSelect.cpp">
      <Filter>Generated Files\Release</Filter>
    </ClCompile>
    <ClCompile Include="ModelSelect.cpp">
      <Filter>Source Files</Filter>
    </ClCompile>
    <ClCompile Include="GeneratedFiles\Debug\moc_LspinBox.cpp">
      <Filter>Generated Files\Debug</Filter>
    </ClCompile>
    <ClCompile Include="GeneratedFiles\Release\moc_LspinBox.cpp">
      <Filter>Generated Files\Release</Filter>
    </ClCompile>
    <ClCompile Include="LspinBox.cpp">
      <Filter>NewComponent</Filter>
    </ClCompile>
    <ClCompile Include="GeneratedFiles\Debug\moc_LcomboBox.cpp">
      <Filter>Generated Files\Debug</Filter>
    </ClCompile>
    <ClCompile Include="GeneratedFiles\Release\moc_LcomboBox.cpp">
      <Filter>Generated Files\Release</Filter>
    </ClCompile>
    <ClCompile Include="LcomboBox.cpp">
      <Filter>NewComponent</Filter>
    </ClCompile>
    <ClCompile Include="GeneratedFiles\Debug\moc_LfontBox.cpp">
      <Filter>Generated Files\Debug</Filter>
    </ClCompile>
    <ClCompile Include="GeneratedFiles\Release\moc_LfontBox.cpp">
      <Filter>Generated Files\Release</Filter>
    </ClCompile>
    <ClCompile Include="LfontBox.cpp">
      <Filter>NewComponent</Filter>
    </ClCompile>
  </ItemGroup>
  <ItemGroup>
    <ClInclude Include="image_gcode.h">
      <Filter>Header Files</Filter>
    </ClInclude>
    <CustomBuild Include="mainwindow.h">
      <Filter>Header Files</Filter>
    </CustomBuild>
    <ClInclude Include="GeneratedFiles\ui_mainwindow.h">
      <Filter>Generated Files</Filter>
    </ClInclude>
    <ClInclude Include="Arrow.h">
      <Filter>Header Files</Filter>
    </ClInclude>
    <ClInclude Include="dragramitem.h">
      <Filter>Header Files</Filter>
    </ClInclude>
    <ClInclude Include="resource.h">
      <Filter>Generated Files</Filter>
    </ClInclude>
    <ClInclude Include="drawtool.h">
      <Filter>DrawPart</Filter>
    </ClInclude>
    <ClInclude Include="sizehandle.h">
      <Filter>DrawPart</Filter>
    </ClInclude>
    <ClInclude Include="OsgItemModel.h">
      <Filter>OsgPart</Filter>
    </ClInclude>
    <ClInclude Include="GeneratedFiles\ui_ShrinkAnimation.h">
      <Filter>Generated Files</Filter>
    </ClInclude>
    <ClInclude Include="FixHeight.h">
      <Filter>Generated Files</Filter>
    </ClInclude>
    <ClInclude Include="GeneratedFiles\ui_StatusWidget.h">
      <Filter>Generated Files</Filter>
    </ClInclude>
    <ClInclude Include="GeneratedFiles\ui_LaserWidget.h">
      <Filter>Generated Files</Filter>
    </ClInclude>
    <ClInclude Include="GeneratedFiles\ui_ShrinkAnimationA.h">
      <Filter>Generated Files</Filter>
    </ClInclude>
    <ClInclude Include="GeneratedFiles\ui_SelectWidget.h">
      <Filter>Generated Files</Filter>
    </ClInclude>
    <ClInclude Include="GeneratedFiles\ui_Transformation.h">
      <Filter>Generated Files</Filter>
    </ClInclude>
    <ClInclude Include="GeneratedFiles\ui_TextWidget.h">
      <Filter>Generated Files</Filter>
    </ClInclude>
    <ClInclude Include="GeneratedFiles\ui_ExportWidget.h">
      <Filter>Generated Files</Filter>
    </ClInclude>
    <ClInclude Include="LaserGcodeGenerate.h">
      <Filter>GcodeGenerate</Filter>
    </ClInclude>
    <ClInclude Include="QtOpencvConvert.h">
      <Filter>Header Files</Filter>
    </ClInclude>
    <ClInclude Include="GeneratedFiles\ui_GrayDiffuse.h">
      <Filter>Generated Files</Filter>
    </ClInclude>
    <ClInclude Include="GeneratedFiles\ui_OutLineImage.h">
      <Filter>Generated Files</Filter>
    </ClInclude>
    <ClInclude Include="Setting.h">
      <Filter>Generated Files</Filter>
    </ClInclude>
    <ClInclude Include="SGcodeGenerate.h">
      <Filter>GcodeGenerate</Filter>
    </ClInclude>
    <ClInclude Include="GeneratedFiles\ui_WorkingWid.h">
      <Filter>Generated Files</Filter>
    </ClInclude>
    <ClInclude Include="GeneratedFiles\ui_ThresholdW.h">
      <Filter>Generated Files</Filter>
    </ClInclude>
    <ClInclude Include="GeneratedFiles\ui_ModelSelect.h">
      <Filter>Generated Files</Filter>
    </ClInclude>
  </ItemGroup>
  <ItemGroup>
    <CustomBuild Include="mainwindow.ui">
      <Filter>Form Files</Filter>
    </CustomBuild>
    <CustomBuild Include="CustomTabStyle.h">
      <Filter>Header Files</Filter>
    </CustomBuild>
    <CustomBuild Include="SceneModifier.h">
      <Filter>Header Files</Filter>
    </CustomBuild>
    <CustomBuild Include="diagramScene.h">
      <Filter>Header Files</Filter>
    </CustomBuild>
    <CustomBuild Include="diagramTextItem.h">
      <Filter>Header Files</Filter>
    </CustomBuild>
    <CustomBuild Include="ToolBar.h">
      <Filter>Header Files</Filter>
    </CustomBuild>
    <CustomBuild Include="GraphWidget.h">
      <Filter>Header Files</Filter>
    </CustomBuild>
    <CustomBuild Include="Resource.qrc">
      <Filter>Resource Files</Filter>
    </CustomBuild>
    <CustomBuild Include="Osg3dView.h">
      <Filter>OsgPart</Filter>
    </CustomBuild>
    <CustomBuild Include="ShrinkAnimation.h">
      <Filter>Header Files</Filter>
    </CustomBuild>
    <CustomBuild Include="ShrinkAnimation.ui">
      <Filter>Form Files</Filter>
    </CustomBuild>
    <CustomBuild Include="StatusWidget.h">
      <Filter>Header Files</Filter>
    </CustomBuild>
    <CustomBuild Include="StatusWidget.ui">
      <Filter>Form Files</Filter>
    </CustomBuild>
    <CustomBuild Include="LaserWidget.h">
      <Filter>Header Files</Filter>
    </CustomBuild>
    <CustomBuild Include="LaserWidget.ui">
      <Filter>Form Files</Filter>
    </CustomBuild>
    <CustomBuild Include="ShrinkAnimationA.h">
      <Filter>Header Files</Filter>
    </CustomBuild>
    <CustomBuild Include="ShrinkAnimationA.ui">
      <Filter>Form Files</Filter>
    </CustomBuild>
    <CustomBuild Include="SelectWidget.h">
      <Filter>Header Files</Filter>
    </CustomBuild>
    <CustomBuild Include="SelectWidget.ui">
      <Filter>Form Files</Filter>
    </CustomBuild>
    <CustomBuild Include="SSToolBoxItem.h">
      <Filter>NewToolbox</Filter>
    </CustomBuild>
    <CustomBuild Include="SSToolBox.h">
      <Filter>NewToolbox</Filter>
    </CustomBuild>
    <CustomBuild Include="SSTestToolBox.h">
      <Filter>NewToolbox</Filter>
    </CustomBuild>
    <CustomBuild Include="Transformation.h">
      <Filter>Header Files</Filter>
    </CustomBuild>
    <CustomBuild Include="Transformation.ui">
      <Filter>Form Files</Filter>
    </CustomBuild>
    <CustomBuild Include="TextWidget.h">
      <Filter>Header Files</Filter>
    </CustomBuild>
    <CustomBuild Include="TextWidget.ui">
      <Filter>Form Files</Filter>
    </CustomBuild>
    <CustomBuild Include="ExportWidget.h">
      <Filter>Header Files</Filter>
    </CustomBuild>
    <CustomBuild Include="ExportWidget.ui">
      <Filter>Form Files</Filter>
    </CustomBuild>
    <CustomBuild Include="GrayDiffuse.h">
      <Filter>Header Files</Filter>
    </CustomBuild>
    <CustomBuild Include="GrayDiffuse.ui">
      <Filter>Form Files</Filter>
    </CustomBuild>
    <CustomBuild Include="OutLineImage.h">
      <Filter>Header Files</Filter>
    </CustomBuild>
    <CustomBuild Include="OutLineImage.ui">
      <Filter>Form Files</Filter>
    </CustomBuild>
    <CustomBuild Include="SelectToolBox.h">
      <Filter>NewToolbox</Filter>
    </CustomBuild>
    <CustomBuild Include="LSlider.h">
      <Filter>NewComponent</Filter>
    </CustomBuild>
    <CustomBuild Include="drawscene.h">
      <Filter>DrawPart</Filter>
    </CustomBuild>
    <CustomBuild Include="drawobj.h">
      <Filter>DrawPart</Filter>
    </CustomBuild>
    <CustomBuild Include="WorkingWid.h">
      <Filter>Header Files</Filter>
    </CustomBuild>
    <CustomBuild Include="WorkingWid.ui">
      <Filter>Form Files</Filter>
    </CustomBuild>
    <CustomBuild Include="ThresholdW.h">
      <Filter>Header Files</Filter>
    </CustomBuild>
    <CustomBuild Include="ThresholdW.ui">
      <Filter>Form Files</Filter>
    </CustomBuild>
    <CustomBuild Include="QProgressIndicator.h">
      <Filter>Header Files</Filter>
    </CustomBuild>
    <CustomBuild Include="TitleBar.h">
      <Filter>Header Files</Filter>
    </CustomBuild>
    <CustomBuild Include="ModelSelect.h">
      <Filter>Header Files</Filter>
    </CustomBuild>
    <CustomBuild Include="ModelSelect.ui">
      <Filter>Form Files</Filter>
    </CustomBuild>
    <CustomBuild Include="LspinBox.h">
      <Filter>NewComponent</Filter>
    </CustomBuild>
    <CustomBuild Include="LcomboBox.h">
      <Filter>NewComponent</Filter>
    </CustomBuild>
    <CustomBuild Include="LfontBox.h">
      <Filter>NewComponent</Filter>
    </CustomBuild>
  </ItemGroup>
  <ItemGroup>
    <ResourceCompile Include="test.rc" />
  </ItemGroup>
  <ItemGroup>
    <Image Include="icon1.ico" />
    <Image Include="Resourse\18.jpg" />
    <Image Include="Resourse\18.png" />
    <Image Include="Resourse\8.jpg" />
  </ItemGroup>
  <ItemGroup>
    <None Include="test_en.ts">
      <Filter>Translation Files</Filter>
    </None>
  </ItemGroup>
</Project>